
Microsoft Visual Studio Solution File, Format Version 12.00
# Visual Studio Version 16
VisualStudioVersion = 16.0.31229.75
MinimumVisualStudioVersion = 10.0.40219.1
Project("{FAE04EC0-301F-11D3-BF4B-00C04F79EFBC}") = "OrbitMap", "OrbitMap\OrbitMap.csproj", "{0FC0ACF8-8D1C-4AC8-9684-B7967AF4F079}"
EndProject
Global
	GlobalSection(SolutionConfigurationPlatforms) = preSolution
		Debug|Any CPU = Debug|Any CPU
		Release|Any CPU = Release|Any CPU
	EndGlobalSection
	GlobalSection(ProjectConfigurationPlatforms) = postSolution
		{0FC0ACF8-8D1C-4AC8-9684-B7967AF4F079}.Debug|Any CPU.ActiveCfg = Debug|Any CPU
		{0FC0ACF8-8D1C-4AC8-9684-B7967AF4F079}.Debug|Any CPU.Build.0 = Debug|Any CPU
		{0FC0ACF8-8D1C-4AC8-9684-B7967AF4F079}.Release|Any CPU.ActiveCfg = Release|Any CPU
		{0FC0ACF8-8D1C-4AC8-9684-B7967AF4F079}.Release|Any CPU.Build.0 = Release|Any CPU
	EndGlobalSection
	GlobalSection(SolutionProperties) = preSolution
		HideSolutionNode = FALSE
	EndGlobalSection
	GlobalSection(ExtensibilityGlobals) = postSolution
		SolutionGuid = {837B913A-C7D3-4651-AE96-AB7B6884D30D}
	EndGlobalSection
EndGlobal
